# THIS IS AN AUTOGENERATED FILE. DO NOT EDIT THIS FILE DIRECTLY.
# yarn lockfile v1


agent-base@4, agent-base@^4.1.0:
  version "4.2.1"
  resolved "https://registry.yarnpkg.com/agent-base/-/agent-base-4.2.1.tgz#d89e5999f797875674c07d87f260fc41e83e8ca9"
  integrity sha512-JVwXMr9nHYTUXsBFKUqhJwvlcYU/blreOEUkhNR2eXZIvwd+c+o5V4MgDPKWnMS/56awN3TRzIP+KoPn+roQtg==
  dependencies:
    es6-promisify "^5.0.0"

balanced-match@^1.0.0:
  version "1.0.0"
  resolved "https://registry.yarnpkg.com/balanced-match/-/balanced-match-1.0.0.tgz#89b4d199ab2bee49de164ea02b89ce462d71b767"
  integrity sha1-ibTRmasr7kneFk6gK4nORi1xt2c=

brace-expansion@^1.1.7:
  version "1.1.11"
  resolved "https://registry.yarnpkg.com/brace-expansion/-/brace-expansion-1.1.11.tgz#3c7fcbf529d87226f3d2f52b966ff5271eb441dd"
  integrity sha512-iCuPHDFgrHX7H2vEI/5xpz07zSHB00TpugqhmYtVmMO6518mCuRMoOYFldEBl0g187ufozdaHgWKcYFb61qGiA==
  dependencies:
    balanced-match "^1.0.0"
    concat-map "0.0.1"

coc-java@^1.1.6:
  version "1.1.6"
  resolved "https://registry.yarnpkg.com/coc-java/-/coc-java-1.1.6.tgz#85921f466aea9659a08ec35d23bac3ccb286abd0"
  integrity sha512-mqsuth2Eut2MuroTDc99P+mTdxe6T05QBJkJc+Y99mVvze8Ovfh5hUmheCLrdT20Iwo0HnJKAlGP0GV+UXhmvA==
  dependencies:
    expand-home-dir "^0.0.3"
    find-java-home "0.2.0"
    glob "^7.1.3"
    path-exists "^3.0.0"
    tmp "^0.0.33"
    tslib "^1.9.3"
    vscode-languageserver-protocol "^3.13.0"
    vscode-uri "^1.0.6"

coc-json@^1.0.7:
  version "1.0.7"
  resolved "https://registry.yarnpkg.com/coc-json/-/coc-json-1.0.7.tgz#ce3b48fcd26c1f73f68ed1ce5a31d7db15411cfc"
  integrity sha512-uPUJWjKHQO8oI+yx+OTViftr0Nr5Dn91iEUMczakR/xumtGkgr/LZPx7NPE4ia/s7+ZK+VXUY3xS/hCGpxYh9A==
  dependencies:
    find-up "^3.0.0"
    request-light "^0.2.4"
    tslib "^1.9.3"
    vscode-json-languageservice "^3.2.1"
    vscode-languageserver "^5.1.0"
    vscode-languageserver-protocol "^3.13.0"
    vscode-uri "^1.0.6"

coc-tsserver@^1.1.21:
  version "1.1.21"
  resolved "https://registry.yarnpkg.com/coc-tsserver/-/coc-tsserver-1.1.21.tgz#07dacbaea5f925c6fb3c6f29376fd4fe63022cb5"
  integrity sha512-6viVPAS9VuKGzFW2FVp3Qi1ztFQArIIiZ2J7mX8EZ1DVeoHiVDmxqbAKXYxqubw1GMm8bnZT/m/goPHfk3I65w==
  dependencies:
    fast-diff "^1.2.0"
    find-up "^3.0.0"
    semver "^5.6.0"
    tslib "^1.9.3"
    typescript "^3.2.2"
    vscode-languageserver-protocol "^3.14.1"
    vscode-uri "^1.0.6"
    which "^1.3.1"

concat-map@0.0.1:
  version "0.0.1"
  resolved "https://registry.yarnpkg.com/concat-map/-/concat-map-0.0.1.tgz#d8a96bd77fd68df7793a73036a3ba0d5405d477b"
  integrity sha1-2Klr13/Wjfd5OnMDajug1UBdR3s=

debug@3.1.0:
  version "3.1.0"
  resolved "https://registry.yarnpkg.com/debug/-/debug-3.1.0.tgz#5bb5a0672628b64149566ba16819e61518c67261"
  integrity sha512-OX8XqP7/1a9cqkxYw2yXss15f26NKWBpDXQd0/uK/KPqdQhxbPa994hnzjcE2VqQpDslf55723cKPUOGSmMY3g==
  dependencies:
    ms "2.0.0"

debug@^3.1.0:
  version "3.2.6"
  resolved "https://registry.yarnpkg.com/debug/-/debug-3.2.6.tgz#e83d17de16d8a7efb7717edbe5fb10135eee629b"
  integrity sha512-mel+jf7nrtEl5Pn1Qx46zARXKDpBbvzezse7p7LqINmdoIk8PYP5SySaxEmYv6TZ0JyEKA1hsCId6DIhgITtWQ==
  dependencies:
    ms "^2.1.1"

es6-promise@^4.0.3:
  version "4.2.5"
  resolved "https://registry.yarnpkg.com/es6-promise/-/es6-promise-4.2.5.tgz#da6d0d5692efb461e082c14817fe2427d8f5d054"
  integrity sha512-n6wvpdE43VFtJq+lUDYDBFUwV8TZbuGXLV4D6wKafg13ldznKsyEvatubnmUe31zcvelSzOHF+XbaT+Bl9ObDg==

es6-promisify@^5.0.0:
  version "5.0.0"
  resolved "https://registry.yarnpkg.com/es6-promisify/-/es6-promisify-5.0.0.tgz#5109d62f3e56ea967c4b63505aef08291c8a5203"
  integrity sha1-UQnWLz5W6pZ8S2NQWu8IKRyKUgM=
  dependencies:
    es6-promise "^4.0.3"

expand-home-dir@^0.0.3:
  version "0.0.3"
  resolved "https://registry.yarnpkg.com/expand-home-dir/-/expand-home-dir-0.0.3.tgz#72de8a0486cc28a3bbd704635398825b5b62827d"
  integrity sha1-ct6KBIbMKKO71wRjU5iCW1tign0=

fast-diff@^1.2.0:
  version "1.2.0"
  resolved "https://registry.yarnpkg.com/fast-diff/-/fast-diff-1.2.0.tgz#73ee11982d86caaf7959828d519cfe927fac5f03"

find-java-home@0.2.0:
  version "0.2.0"
  resolved "https://registry.yarnpkg.com/find-java-home/-/find-java-home-0.2.0.tgz#5c500bbad3018832abb9886f7d0f03f57146cddc"
  integrity sha512-nq5PFOHxE1VSEbdDVkLoA2bAcRnG4ETqJO8ipFq3glIWA52hdWCXYX3emuUyMAQfaqFU4Ea85gqcgaPmOApEPA==
  dependencies:
    which "~1.0.5"
    winreg "~1.2.2"

find-up@^3.0.0:
  version "3.0.0"
  resolved "https://registry.yarnpkg.com/find-up/-/find-up-3.0.0.tgz#49169f1d7993430646da61ecc5ae355c21c97b73"
  dependencies:
    locate-path "^3.0.0"

fs.realpath@^1.0.0:
  version "1.0.0"
  resolved "https://registry.yarnpkg.com/fs.realpath/-/fs.realpath-1.0.0.tgz#1504ad2523158caa40db4a2787cb01411994ea4f"
  integrity sha1-FQStJSMVjKpA20onh8sBQRmU6k8=

glob@^7.1.3:
  version "7.1.3"
  resolved "https://registry.yarnpkg.com/glob/-/glob-7.1.3.tgz#3960832d3f1574108342dafd3a67b332c0969df1"
  integrity sha512-vcfuiIxogLV4DlGBHIUOwI0IbrJ8HWPc4MU7HzviGeNho/UJDfi6B5p3sHeWIQ0KGIU0Jpxi5ZHxemQfLkkAwQ==
  dependencies:
    fs.realpath "^1.0.0"
    inflight "^1.0.4"
    inherits "2"
    minimatch "^3.0.4"
    once "^1.3.0"
    path-is-absolute "^1.0.0"

http-proxy-agent@^2.1.0:
  version "2.1.0"
  resolved "https://registry.yarnpkg.com/http-proxy-agent/-/http-proxy-agent-2.1.0.tgz#e4821beef5b2142a2026bd73926fe537631c5405"
  integrity sha512-qwHbBLV7WviBl0rQsOzH6o5lwyOIvwp/BdFnvVxXORldu5TmjFfjzBcWUWS5kWAZhmv+JtiDhSuQCp4sBfbIgg==
  dependencies:
    agent-base "4"
    debug "3.1.0"

https-proxy-agent@^2.2.1:
  version "2.2.1"
  resolved "https://registry.yarnpkg.com/https-proxy-agent/-/https-proxy-agent-2.2.1.tgz#51552970fa04d723e04c56d04178c3f92592bbc0"
  integrity sha512-HPCTS1LW51bcyMYbxUIOO4HEOlQ1/1qRaFWcyxvwaqUS9TY88aoEuHUY33kuAh1YhVVaDQhLZsnPd+XNARWZlQ==
  dependencies:
    agent-base "^4.1.0"
    debug "^3.1.0"

inflight@^1.0.4:
  version "1.0.6"
  resolved "https://registry.yarnpkg.com/inflight/-/inflight-1.0.6.tgz#49bd6331d7d02d0c09bc910a1075ba8165b56df9"
  integrity sha1-Sb1jMdfQLQwJvJEKEHW6gWW1bfk=
  dependencies:
    once "^1.3.0"
    wrappy "1"

inherits@2:
  version "2.0.3"
  resolved "https://registry.yarnpkg.com/inherits/-/inherits-2.0.3.tgz#633c2c83e3da42a502f52466022480f4208261de"
  integrity sha1-Yzwsg+PaQqUC9SRmAiSA9CCCYd4=

isexe@^2.0.0:
  version "2.0.0"
  resolved "https://registry.yarnpkg.com/isexe/-/isexe-2.0.0.tgz#e8fbf374dc556ff8947a10dcb0572d633f2cfa10"

jsonc-parser@^2.0.2:
  version "2.0.2"
  resolved "https://registry.yarnpkg.com/jsonc-parser/-/jsonc-parser-2.0.2.tgz#42fcf56d70852a043fadafde51ddb4a85649978d"
  integrity sha512-TSU435K5tEKh3g7bam1AFf+uZrISheoDsLlpmAo6wWZYqjsnd09lHYK1Qo+moK4Ikifev1Gdpa69g4NELKnCrQ==

locate-path@^3.0.0:
  version "3.0.0"
  resolved "https://registry.yarnpkg.com/locate-path/-/locate-path-3.0.0.tgz#dbec3b3ab759758071b58fe59fc41871af21400e"
  dependencies:
    p-locate "^3.0.0"
    path-exists "^3.0.0"

minimatch@^3.0.4:
  version "3.0.4"
  resolved "https://registry.yarnpkg.com/minimatch/-/minimatch-3.0.4.tgz#5166e286457f03306064be5497e8dbb0c3d32083"
  integrity sha512-yJHVQEhyqPLUTgt9B83PXu6W3rx4MvvHvSUvToogpwoGDOUQ+yDrR0HRot+yOCdCO7u4hX3pWft6kWBBcqh0UA==
  dependencies:
    brace-expansion "^1.1.7"

ms@2.0.0:
  version "2.0.0"
  resolved "https://registry.yarnpkg.com/ms/-/ms-2.0.0.tgz#5608aeadfc00be6c2901df5f9861788de0d597c8"
  integrity sha1-VgiurfwAvmwpAd9fmGF4jeDVl8g=

ms@^2.1.1:
  version "2.1.1"
  resolved "https://registry.yarnpkg.com/ms/-/ms-2.1.1.tgz#30a5864eb3ebb0a66f2ebe6d727af06a09d86e0a"
  integrity sha512-tgp+dl5cGk28utYktBsrFqA7HKgrhgPsg6Z/EfhWI4gl1Hwq8B/GmY/0oXZ6nF8hDVesS/FpnYaD/kOWhYQvyg==

once@^1.3.0:
  version "1.4.0"
  resolved "https://registry.yarnpkg.com/once/-/once-1.4.0.tgz#583b1aa775961d4b113ac17d9c50baef9dd76bd1"
  integrity sha1-WDsap3WWHUsROsF9nFC6753Xa9E=
  dependencies:
    wrappy "1"

os-tmpdir@~1.0.2:
  version "1.0.2"
  resolved "https://registry.yarnpkg.com/os-tmpdir/-/os-tmpdir-1.0.2.tgz#bbe67406c79aa85c5cfec766fe5734555dfa1274"
  integrity sha1-u+Z0BseaqFxc/sdm/lc0VV36EnQ=

p-limit@^2.0.0:
  version "2.1.0"
  resolved "https://registry.yarnpkg.com/p-limit/-/p-limit-2.1.0.tgz#1d5a0d20fb12707c758a655f6bbc4386b5930d68"
  dependencies:
    p-try "^2.0.0"

p-locate@^3.0.0:
  version "3.0.0"
  resolved "https://registry.yarnpkg.com/p-locate/-/p-locate-3.0.0.tgz#322d69a05c0264b25997d9f40cd8a891ab0064a4"
  dependencies:
    p-limit "^2.0.0"

p-try@^2.0.0:
  version "2.0.0"
  resolved "https://registry.yarnpkg.com/p-try/-/p-try-2.0.0.tgz#85080bb87c64688fa47996fe8f7dfbe8211760b1"

path-exists@^3.0.0:
  version "3.0.0"
  resolved "https://registry.yarnpkg.com/path-exists/-/path-exists-3.0.0.tgz#ce0ebeaa5f78cb18925ea7d810d7b59b010fd515"

path-is-absolute@^1.0.0:
  version "1.0.1"
  resolved "https://registry.yarnpkg.com/path-is-absolute/-/path-is-absolute-1.0.1.tgz#174b9268735534ffbc7ace6bf53a5a9e1b5c5f5f"
  integrity sha1-F0uSaHNVNP+8es5r9TpanhtcX18=

request-light@^0.2.4:
  version "0.2.4"
  resolved "https://registry.yarnpkg.com/request-light/-/request-light-0.2.4.tgz#3cea29c126682e6bcadf7915353322eeba01a755"
  integrity sha512-pM9Fq5jRnSb+82V7M97rp8FE9/YNeP2L9eckB4Szd7lyeclSIx02aIpPO/6e4m6Dy31+FBN/zkFMTd2HkNO3ow==
  dependencies:
    http-proxy-agent "^2.1.0"
    https-proxy-agent "^2.2.1"
    vscode-nls "^4.0.0"

semver@^5.6.0:
  version "5.6.0"
  resolved "https://registry.yarnpkg.com/semver/-/semver-5.6.0.tgz#7e74256fbaa49c75aa7c7a205cc22799cac80004"

tmp@^0.0.33:
  version "0.0.33"
  resolved "https://registry.yarnpkg.com/tmp/-/tmp-0.0.33.tgz#6d34335889768d21b2bcda0aa277ced3b1bfadf9"
  integrity sha512-jRCJlojKnZ3addtTOjdIqoRuPEKBvNXcGYqzO6zWZX8KfKEpnGY5jfggJQ3EjKuu8D4bJRr0y+cYJFmYbImXGw==
  dependencies:
    os-tmpdir "~1.0.2"

tslib@^1.9.3:
  version "1.9.3"
  resolved "https://registry.yarnpkg.com/tslib/-/tslib-1.9.3.tgz#d7e4dd79245d85428c4d7e4822a79917954ca286"

typescript@^3.2.2:
  version "3.2.2"
  resolved "https://registry.yarnpkg.com/typescript/-/typescript-3.2.2.tgz#fe8101c46aa123f8353523ebdcf5730c2ae493e5"

vscode-json-languageservice@^3.2.1:
  version "3.2.1"
  resolved "https://registry.yarnpkg.com/vscode-json-languageservice/-/vscode-json-languageservice-3.2.1.tgz#991d51128ebd81c5525d0578cabfa5b03e3cba2a"
  integrity sha512-ee9MJ70/xR55ywvm0bZsDLhA800HCRE27AYgMNTU14RSg20Y+ngHdQnUt6OmiTXrQDI/7sne6QUOtHIN0hPQYA==
  dependencies:
    jsonc-parser "^2.0.2"
    vscode-languageserver-types "^3.13.0"
    vscode-nls "^4.0.0"
    vscode-uri "^1.0.6"

vscode-jsonrpc@^4.0.0:
  version "4.0.0"
  resolved "https://registry.yarnpkg.com/vscode-jsonrpc/-/vscode-jsonrpc-4.0.0.tgz#a7bf74ef3254d0a0c272fab15c82128e378b3be9"

vscode-languageserver-protocol@3.14.1, vscode-languageserver-protocol@^3.13.0, vscode-languageserver-protocol@^3.14.1:
  version "3.14.1"
  resolved "https://registry.yarnpkg.com/vscode-languageserver-protocol/-/vscode-languageserver-protocol-3.14.1.tgz#b8aab6afae2849c84a8983d39a1cf742417afe2f"
  dependencies:
    vscode-jsonrpc "^4.0.0"
    vscode-languageserver-types "3.14.0"

vscode-languageserver-types@3.14.0, vscode-languageserver-types@^3.13.0:
  version "3.14.0"
  resolved "https://registry.yarnpkg.com/vscode-languageserver-types/-/vscode-languageserver-types-3.14.0.tgz#d3b5952246d30e5241592b6dde8280e03942e743"

vscode-languageserver@^5.1.0:
  version "5.2.1"
  resolved "https://registry.yarnpkg.com/vscode-languageserver/-/vscode-languageserver-5.2.1.tgz#0d2feddd33f92aadf5da32450df498d52f6f14eb"
  integrity sha512-GuayqdKZqAwwaCUjDvMTAVRPJOp/SLON3mJ07eGsx/Iq9HjRymhKWztX41rISqDKhHVVyFM+IywICyZDla6U3A==
  dependencies:
    vscode-languageserver-protocol "3.14.1"
    vscode-uri "^1.0.6"

vscode-nls@^4.0.0:
  version "4.0.0"
  resolved "https://registry.yarnpkg.com/vscode-nls/-/vscode-nls-4.0.0.tgz#4001c8a6caba5cedb23a9c5ce1090395c0e44002"
  integrity sha512-qCfdzcH+0LgQnBpZA53bA32kzp9rpq/f66Som577ObeuDlFIrtbEJ+A/+CCxjIh4G8dpJYNCKIsxpRAHIfsbNw==

vscode-uri@^1.0.6:
  version "1.0.6"
  resolved "https://registry.yarnpkg.com/vscode-uri/-/vscode-uri-1.0.6.tgz#6b8f141b0bbc44ad7b07e94f82f168ac7608ad4d"

which@^1.3.1:
  version "1.3.1"
  resolved "https://registry.yarnpkg.com/which/-/which-1.3.1.tgz#a45043d54f5805316da8d62f9f50918d3da70b0a"
  dependencies:
    isexe "^2.0.0"

which@~1.0.5:
  version "1.0.9"
  resolved "https://registry.yarnpkg.com/which/-/which-1.0.9.tgz#460c1da0f810103d0321a9b633af9e575e64486f"
  integrity sha1-RgwdoPgQED0DIam2M6+eV15kSG8=

winreg@~1.2.2:
  version "1.2.4"
  resolved "https://registry.yarnpkg.com/winreg/-/winreg-1.2.4.tgz#ba065629b7a925130e15779108cf540990e98d1b"
  integrity sha1-ugZWKbepJRMOFXeRCM9UCZDpjRs=

wrappy@1:
  version "1.0.2"
  resolved "https://registry.yarnpkg.com/wrappy/-/wrappy-1.0.2.tgz#b5243d8f3ec1aa35f1364605bc0d1036e30ab69f"
  integrity sha1-tSQ9jz7BqjXxNkYFvA0QNuMKtp8=
